// !$*UTF8*$!
{
	archiveVersion = 1;
	classes = {
	};
	objectVersion = 46;
	objects = {

/* Begin PBXBuildFile section */
		25F3EB3907936EB6E339346D /* Pods.framework in Frameworks */ = {isa = PBXBuildFile; fileRef = 235C5A0B708438C11BCE552C /* Pods.framework */; };
		D9679C5B1C87B62E007F67AA /* SalamanderTests.m in Sources */ = {isa = PBXBuildFile; fileRef = D9679C5A1C87B62E007F67AA /* SalamanderTests.m */; };
/* End PBXBuildFile section */

/* Begin PBXFileReference section */
		0A0809C67039D4BDCE9CE9AF /* Pods.debug.xcconfig */ = {isa = PBXFileReference; includeInIndex = 1; lastKnownFileType = text.xcconfig; name = Pods.debug.xcconfig; path = "Pods/Target Support Files/Pods/Pods.debug.xcconfig"; sourceTree = "<group>"; };
		235C5A0B708438C11BCE552C /* Pods.framework */ = {isa = PBXFileReference; explicitFileType = wrapper.framework; includeInIndex = 0; path = Pods.framework; sourceTree = BUILT_PRODUCTS_DIR; };
		81B8A7B31F3BA6548ACC45DE /* Pods.release.xcconfig */ = {isa = PBXFileReference; includeInIndex = 1; lastKnownFileType = text.xcconfig; name = Pods.release.xcconfig; path = "Pods/Target Support Files/Pods/Pods.release.xcconfig"; sourceTree = "<group>"; };
		D9679C571C87B62E007F67AA /* SalamanderTests.xctest */ = {isa = PBXFileReference; explicitFileType = wrapper.cfbundle; includeInIndex = 0; path = SalamanderTests.xctest; sourceTree = BUILT_PRODUCTS_DIR; };
		D9679C5A1C87B62E007F67AA /* SalamanderTests.m */ = {isa = PBXFileReference; lastKnownFileType = sourcecode.c.objc; path = SalamanderTests.m; sourceTree = "<group>"; };
		D9679C5C1C87B62E007F67AA /* Info.plist */ = {isa = PBXFileReference; lastKnownFileType = text.plist.xml; path = Info.plist; sourceTree = "<group>"; };
/* End PBXFileReference section */

/* Begin PBXFrameworksBuildPhase section */
		D9679C541C87B62E007F67AA /* Frameworks */ = {
			isa = PBXFrameworksBuildPhase;
			buildActionMask = 2147483647;
			files = (
				25F3EB3907936EB6E339346D /* Pods.framework in Frameworks */,
			);
			runOnlyForDeploymentPostprocessing = 0;
		};
/* End PBXFrameworksBuildPhase section */

/* Begin PBXGroup section */
		C125031A628591D7E1C25FD8 /* Frameworks */ = {
			isa = PBXGroup;
			children = (
				235C5A0B708438C11BCE552C /* Pods.framework */,
			);
			name = Frameworks;
			sourceTree = "<group>";
		};
		D9679C4C1C87B53E007F67AA = {
			isa = PBXGroup;
			children = (
				D9679C591C87B62E007F67AA /* SalamanderTests */,
				D9679C581C87B62E007F67AA /* Products */,
				D96991B7CDE3F0F8C3A52C54 /* Pods */,
				C125031A628591D7E1C25FD8 /* Frameworks */,
			);
			sourceTree = "<group>";
		};
		D9679C581C87B62E007F67AA /* Products */ = {
			isa = PBXGroup;
			children = (
				D9679C571C87B62E007F67AA /* SalamanderTests.xctest */,
			);
			name = Products;
			sourceTree = "<group>";
		};
		D9679C591C87B62E007F67AA /* SalamanderTests */ = {
			isa = PBXGroup;
			children = (
				D9679C5A1C87B62E007F67AA /* SalamanderTests.m */,
				D9679C5C1C87B62E007F67AA /* Info.plist */,
			);
			path = SalamanderTests;
			sourceTree = "<group>";
		};
		D96991B7CDE3F0F8C3A52C54 /* Pods */ = {
			isa = PBXGroup;
			children = (
				0A0809C67039D4BDCE9CE9AF /* Pods.debug.xcconfig */,
				81B8A7B31F3BA6548ACC45DE /* Pods.release.xcconfig */,
			);
			name = Pods;
			sourceTree = "<group>";
		};
/* End PBXGroup section */

/* Begin PBXNativeTarget section */
		D9679C561C87B62E007F67AA /* SalamanderTests */ = {
			isa = PBXNativeTarget;
			buildConfigurationList = D9679C5F1C87B62E007F67AA /* Build configuration list for PBXNativeTarget "SalamanderTests" */;
			buildPhases = (
				6C01B9AF2E0C2EEDA35D5CF6 /* Check Pods Manifest.lock */,
				D9679C531C87B62E007F67AA /* Sources */,
				D9679C541C87B62E007F67AA /* Frameworks */,
				D9679C551C87B62E007F67AA /* Resources */,
				2968392C3B265B7C36A3FA4A /* Embed Pods Frameworks */,
				B9F2517527291000F9C75EBA /* Copy Pods Resources */,
			);
			buildRules = (
			);
			dependencies = (
			);
			name = SalamanderTests;
			productName = SalamanderTests;
			productReference = D9679C571C87B62E007F67AA /* SalamanderTests.xctest */;
			productType = "com.apple.product-type.bundle.unit-test";
		};
/* End PBXNativeTarget section */

/* Begin PBXProject section */
		D9679C4D1C87B53E007F67AA /* Project object */ = {
			isa = PBXProject;
			attributes = {
				LastUpgradeCheck = 0720;
				TargetAttributes = {
					D9679C561C87B62E007F67AA = {
						CreatedOnToolsVersion = 7.2.1;
					};
				};
			};
			buildConfigurationList = D9679C501C87B53E007F67AA /* Build configuration list for PBXProject "salamander" */;
			compatibilityVersion = "Xcode 3.2";
			developmentRegion = English;
			hasScannedForEncodings = 0;
			knownRegions = (
				en,
			);
			mainGroup = D9679C4C1C87B53E007F67AA;
			productRefGroup = D9679C581C87B62E007F67AA /* Products */;
			projectDirPath = "";
			projectRoot = "";
			targets = (
				D9679C561C87B62E007F67AA /* SalamanderTests */,
			);
		};
/* End PBXProject section */

/* Begin PBXResourcesBuildPhase section */
		D9679C551C87B62E007F67AA /* Resources */ = {
			isa = PBXResourcesBuildPhase;
			buildActionMask = 2147483647;
			files = (
			);
			runOnlyForDeploymentPostprocessing = 0;
		};
/* End PBXResourcesBuildPhase section */

/* Begin PBXShellScriptBuildPhase section */
		2968392C3B265B7C36A3FA4A /* Embed Pods Frameworks */ = {
			isa = PBXShellScriptBuildPhase;
			buildActionMask = 2147483647;
			files = (
			);
			inputPaths = (
			);
			name = "Embed Pods Frameworks";
			outputPaths = (
			);
			runOnlyForDeploymentPostprocessing = 0;
			shellPath = /bin/sh;
			shellScript = "\"${SRCROOT}/Pods/Target Support Files/Pods/Pods-frameworks.sh\"\n";
			showEnvVarsInLog = 0;
		};
		6C01B9AF2E0C2EEDA35D5CF6 /* Check Pods Manifest.lock */ = {
			isa = PBXShellScriptBuildPhase;
			buildActionMask = 2147483647;
			files = (
			);
			inputPaths = (
			);
			name = "Check Pods Manifest.lock";
			outputPaths = (
			);
			runOnlyForDeploymentPostprocessing = 0;
			shellPath = /bin/sh;
			shellScript = "diff \"${PODS_ROOT}/../Podfile.lock\" \"${PODS_ROOT}/Manifest.lock\" > /dev/null\nif [[ $? != 0 ]] ; then\n    cat << EOM\nerror: The sandbox is not in sync with the Podfile.lock. Run 'pod install' or update your CocoaPods installation.\nEOM\n    exit 1\nfi\n";
			showEnvVarsInLog = 0;
		};
		B9F2517527291000F9C75EBA /* Copy Pods Resources */ = {
			isa = PBXShellScriptBuildPhase;
			buildActionMask = 2147483647;
			files = (
			);
			inputPaths = (
			);
			name = "Copy Pods Resources";
			outputPaths = (
			);
			runOnlyForDeploymentPostprocessing = 0;
			shellPath = /bin/sh;
			shellScript = "\"${SRCROOT}/Pods/Target Support Files/Pods/Pods-resources.sh\"\n";
			showEnvVarsInLog = 0;
		};
/* End PBXShellScriptBuildPhase section */

/* Begin PBXSourcesBuildPhase section */
		D9679C531C87B62E007F67AA /* Sources */ = {
			isa = PBXSourcesBuildPhase;
			buildActionMask = 2147483647;
			files = (
				D9679C5B1C87B62E007F67AA /* SalamanderTests.m in Sources */,
			);
			runOnlyForDeploymentPostprocessing = 0;
		};
/* End PBXSourcesBuildPhase section */

/* Begin XCBuildConfiguration section */
		D9679C511C87B53E007F67AA /* Debug */ = {
			isa = XCBuildConfiguration;
			buildSettings = {
			};
			name = Debug;
		};
		D9679C521C87B53E007F67AA /* Release */ = {
			isa = XCBuildConfiguration;
			buildSettings = {
			};
			name = Release;
		};
		D9679C5D1C87B62E007F67AA /* Debug */ = {
			isa = XCBuildConfiguration;
			baseConfigurationReference = 0A0809C67039D4BDCE9CE9AF /* Pods.debug.xcconfig */;
			buildSettings = {
				ALWAYS_SEARCH_USER_PATHS = NO;
				CLANG_CXX_LANGUAGE_STANDARD = "gnu++0x";
				CLANG_CXX_LIBRARY = "libc++";
				CLANG_ENABLE_MODULES = YES;
				CLANG_ENABLE_OBJC_ARC = YES;
				CLANG_WARN_BOOL_CONVERSION = YES;
				CLANG_WARN_CONSTANT_CONVERSION = YES;
				CLANG_WARN_DIRECT_OBJC_ISA_USAGE = YES_ERROR;
				CLANG_WARN_EMPTY_BODY = YES;
				CLANG_WARN_ENUM_CONVERSION = YES;
				CLANG_WARN_INT_CONVERSION = YES;
				CLANG_WARN_OBJC_ROOT_CLASS = YES_ERROR;
				CLANG_WARN_UNREACHABLE_CODE = YES;
				CLANG_WARN__DUPLICATE_METHOD_MATCH = YES;
				"CODE_SIGN_IDENTITY[sdk=iphoneos*]" = "iPhone Developer";
				COPY_PHASE_STRIP = NO;
				DEBUG_INFORMATION_FORMAT = dwarf;
				ENABLE_STRICT_OBJC_MSGSEND = YES;
				ENABLE_TESTABILITY = YES;
				GCC_C_LANGUAGE_STANDARD = gnu99;
				GCC_DYNAMIC_NO_PIC = NO;
				GCC_NO_COMMON_BLOCKS = YES;
				GCC_OPTIMIZATION_LEVEL = 0;
				GCC_PREPROCESSOR_DEFINITIONS = (
					"DEBUG=1",
					"$(inherited)",
				);
				GCC_WARN_64_TO_32_BIT_CONVERSION = YES;
				GCC_WARN_ABOUT_RETURN_TYPE = YES_ERROR;
				GCC_WARN_UNDECLARED_SELECTOR = YES;
				GCC_WARN_UNINITIALIZED_AUTOS = YES_AGGRESSIVE;
				GCC_WARN_UNUSED_FUNCTION = YES;
				GCC_WARN_UNUSED_VARIABLE = YES;
				INFOPLIST_FILE = SalamanderTests/Info.plist;
				IPHONEOS_DEPLOYMENT_TARGET = 9.2;
				LD_RUNPATH_SEARCH_PATHS = "$(inherited) @executable_path/Frameworks @loader_path/Frameworks";
				MTL_ENABLE_DEBUG_INFO = YES;
				ONLY_ACTIVE_ARCH = YES;
				PRODUCT_BUNDLE_IDENTIFIER = io.ballinger.SalamanderTests;
				PRODUCT_NAME = "$(TARGET_NAME)";
				SDKROOT = iphoneos;
			};
			name = Debug;
		};
		D9679C5E1C87B62E007F67AA /* Release */ = {
			isa = XCBuildConfiguration;
			baseConfigurationReference = 81B8A7B31F3BA6548ACC45DE /* Pods.release.xcconfig */;
			buildSettings = {
				ALWAYS_SEARCH_USER_PATHS = NO;
				CLANG_CXX_LANGUAGE_STANDARD = "gnu++0x";
				CLANG_CXX_LIBRARY = "libc++";
				CLANG_ENABLE_MODULES = YES;
				CLANG_ENABLE_OBJC_ARC = YES;
				CLANG_WARN_BOOL_CONVERSION = YES;
				CLANG_WARN_CONSTANT_CONVERSION = YES;
				CLANG_WARN_DIRECT_OBJC_ISA_USAGE = YES_ERROR;
				CLANG_WARN_EMPTY_BODY = YES;
				CLANG_WARN_ENUM_CONVERSION = YES;
				CLANG_WARN_INT_CONVERSION = YES;
				CLANG_WARN_OBJC_ROOT_CLASS = YES_ERROR;
				CLANG_WARN_UNREACHABLE_CODE = YES;
				CLANG_WARN__DUPLICATE_METHOD_MATCH = YES;
				"CODE_SIGN_IDENTITY[sdk=iphoneos*]" = "iPhone Developer";
				COPY_PHASE_STRIP = NO;
				DEBUG_INFORMATION_FORMAT = "dwarf-with-dsym";
				ENABLE_NS_ASSERTIONS = NO;
				ENABLE_STRICT_OBJC_MSGSEND = YES;
				GCC_C_LANGUAGE_STANDARD = gnu99;
				GCC_NO_COMMON_BLOCKS = YES;
				GCC_WARN_64_TO_32_BIT_CONVERSION = YES;
				GCC_WARN_ABOUT_RETURN_TYPE = YES_ERROR;
				GCC_WARN_UNDECLARED_SELECTOR = YES;
				GCC_WARN_UNINITIALIZED_AUTOS = YES_AGGRESSIVE;
				GCC_WARN_UNUSED_FUNCTION = YES;
				GCC_WARN_UNUSED_VARIABLE = YES;
				INFOPLIST_FILE = SalamanderTests/Info.plist;
				IPHONEOS_DEPLOYMENT_TARGET = 9.2;
				LD_RUNPATH_SEARCH_PATHS = "$(inherited) @executable_path/Frameworks @loader_path/Frameworks";
				MTL_ENABLE_DEBUG_INFO = NO;
				PRODUCT_BUNDLE_IDENTIFIER = io.ballinger.SalamanderTests;
				PRODUCT_NAME = "$(TARGET_NAME)";
				SDKROOT = iphoneos;
				VALIDATE_PRODUCT = YES;
			};
			name = Release;
		};
/* End XCBuildConfiguration section */

/* Begin XCConfigurationList section */
		D9679C501C87B53E007F67AA /* Build configuration list for PBXProject "salamander" */ = {
			isa = XCConfigurationList;
			buildConfigurations = (
				D9679C511C87B53E007F67AA /* Debug */,
				D9679C521C87B53E007F67AA /* Release */,
			);
			defaultConfigurationIsVisible = 0;
			defaultConfigurationName = Release;
		};
		D9679C5F1C87B62E007F67AA /* Build configuration list for PBXNativeTarget "SalamanderTests" */ = {
			isa = XCConfigurationList;
			buildConfigurations = (
				D9679C5D1C87B62E007F67AA /* Debug */,
				D9679C5E1C87B62E007F67AA /* Release */,
			);
			defaultConfigurationIsVisible = 0;
			defaultConfigurationName = Release;
		};
/* End XCConfigurationList section */
	};
	rootObject = D9679C4D1C87B53E007F67AA /* Project object */;
}
